<?xml version="1.0" encoding="utf-8"?>
<Project ToolsVersion="4.0" xmlns="http://schemas.microsoft.com/developer/msbuild/2003">
  <ItemGroup>
    <Filter Include="Source Files">
      <UniqueIdentifier>{4FC737F1-C7A5-4376-A066-2A32D752A2FF}</UniqueIdentifier>
      <Extensions>cpp;c;cc;cxx;c++;cppm;ixx;def;odl;idl;hpj;bat;asm;asmx</Extensions>
    </Filter>
    <Filter Include="Header Files">
      <UniqueIdentifier>{93995380-89BD-4b04-88EB-625FBE52EBFB}</UniqueIdentifier>
      <Extensions>h;hh;hpp;hxx;h++;hm;inl;inc;ipp;xsd</Extensions>
    </Filter>
    <Filter Include="Resource Files">
      <UniqueIdentifier>{67DA6AB6-F800-4c08-8B7A-83BB121AAD01}</UniqueIdentifier>
      <Extensions>rc;ico;cur;bmp;dlg;rc2;rct;bin;rgs;gif;jpg;jpeg;jpe;resx;tiff;tif;png;wav;mfcribbon-ms</Extensions>
    </Filter>
    <Filter Include="Source Files\Events">
      <UniqueIdentifier>{07764d15-ce19-427d-b421-182a4ce0fc88}</UniqueIdentifier>
    </Filter>
    <Filter Include="Source Files\Cargos">
      <UniqueIdentifier>{3de9c95d-8411-4508-ba81-f5c8a5ae9f81}</UniqueIdentifier>
    </Filter>
    <Filter Include="Source Files\Trucks">
      <UniqueIdentifier>{278a5210-9e99-47a5-b637-9823f86888bd}</UniqueIdentifier>
    </Filter>
    <Filter Include="Source Files\Company">
      <UniqueIdentifier>{f6aad82d-42d7-4151-ad17-f36e5b5012da}</UniqueIdentifier>
    </Filter>
    <Filter Include="Source Files\UI">
      <UniqueIdentifier>{bc15c748-a8f8-441b-8b85-498165806352}</UniqueIdentifier>
    </Filter>
  </ItemGroup>
  <ItemGroup>
    <ClCompile Include="Source.cpp">
      <Filter>Source Files</Filter>
    </ClCompile>
    <ClCompile Include="time.cpp">
      <Filter>Source Files</Filter>
    </ClCompile>
    <ClCompile Include="event.cpp">
      <Filter>Source Files\Events</Filter>
    </ClCompile>
    <ClCompile Include="cargo.cpp">
      <Filter>Source Files\Cargos</Filter>
    </ClCompile>
    <ClCompile Include="NormalCargo.cpp">
      <Filter>Source Files\Cargos</Filter>
    </ClCompile>
    <ClCompile Include="SpecialCargo.cpp">
      <Filter>Source Files\Cargos</Filter>
    </ClCompile>
    <ClCompile Include="vipCargo.cpp">
      <Filter>Source Files\Cargos</Filter>
    </ClCompile>
    <ClCompile Include="cancellationEvent.cpp">
      <Filter>Source Files\Events</Filter>
    </ClCompile>
    <ClCompile Include="PreparationEvent.cpp">
      <Filter>Source Files\Events</Filter>
    </ClCompile>
    <ClCompile Include="promotionEvent.cpp">
      <Filter>Source Files\Events</Filter>
    </ClCompile>
    <ClCompile Include="specialTruck.cpp">
      <Filter>Source Files\Trucks</Filter>
    </ClCompile>
    <ClCompile Include="truck.cpp">
      <Filter>Source Files\Trucks</Filter>
    </ClCompile>
    <ClCompile Include="viptruck.cpp">
      <Filter>Source Files\Trucks</Filter>
    </ClCompile>
    <ClCompile Include="Company.cpp">
      <Filter>Source Files\Company</Filter>
    </ClCompile>
    <ClCompile Include="UI.cpp">
      <Filter>Source Files\UI</Filter>
    </ClCompile>
  </ItemGroup>
  <ItemGroup>
    <ClInclude Include="time.h">
      <Filter>Header Files</Filter>
    </ClInclude>
    <ClInclude Include="info.h">
      <Filter>Header Files</Filter>
    </ClInclude>
    <ClInclude Include="queue.h">
      <Filter>Header Files</Filter>
    </ClInclude>
    <ClInclude Include="Node.h">
      <Filter>Header Files</Filter>
    </ClInclude>
    <ClInclude Include="LinkedList.h">
      <Filter>Header Files</Filter>
    </ClInclude>
    <ClInclude Include="event.h">
      <Filter>Source Files\Events</Filter>
    </ClInclude>
    <ClInclude Include="vipCargo.h">
      <Filter>Source Files\Cargos</Filter>
    </ClInclude>
    <ClInclude Include="SpecialCargo.h">
      <Filter>Source Files\Cargos</Filter>
    </ClInclude>
    <ClInclude Include="NormalCargo.h">
      <Filter>Source Files\Cargos</Filter>
    </ClInclude>
    <ClInclude Include="cargo.h">
      <Filter>Source Files\Cargos</Filter>
    </ClInclude>
    <ClInclude Include="cancellationEvent.h">
      <Filter>Source Files\Events</Filter>
    </ClInclude>
    <ClInclude Include="promotionEvent.h">
      <Filter>Source Files\Events</Filter>
    </ClInclude>
    <ClInclude Include="PreparationEvent.h">
      <Filter>Source Files\Events</Filter>
    </ClInclude>
    <ClInclude Include="specialTruck.h">
      <Filter>Source Files\Trucks</Filter>
    </ClInclude>
    <ClInclude Include="truck.h">
      <Filter>Source Files\Trucks</Filter>
    </ClInclude>
    <ClInclude Include="Company.h">
      <Filter>Source Files\Company</Filter>
    </ClInclude>
    <ClInclude Include="UI.h">
      <Filter>Source Files\UI</Filter>
    </ClInclude>
    <ClInclude Include="files.h">
      <Filter>Source Files</Filter>
    </ClInclude>
    <ClInclude Include="PriNode.h">
      <Filter>Header Files</Filter>
    </ClInclude>
    <ClInclude Include="PriQ.h">
      <Filter>Header Files</Filter>
    </ClInclude>
    <ClInclude Include="viptruck.h">
      <Filter>Source Files\Trucks</Filter>
    </ClInclude>
    <ClInclude Include="ListADT.h">
      <Filter>Header Files</Filter>
    </ClInclude>
    <ClInclude Include="Status.h">
      <Filter>Header Files</Filter>
    </ClInclude>
  </ItemGroup>
</Project>